// !$*UTF8*$!
{
	archiveVersion = 1;
	classes = {
	};
	objectVersion = 46;
	objects = {

/* Begin PBXBuildFile section */
		CA0A1F7E19C0C5890063119C /* AppDelegate.swift in Sources */ = {isa = PBXBuildFile; fileRef = CA0A1F7D19C0C5890063119C /* AppDelegate.swift */; };
		CA0A1F8019C0C5890063119C /* ViewController.swift in Sources */ = {isa = PBXBuildFile; fileRef = CA0A1F7F19C0C5890063119C /* ViewController.swift */; };
		CA0A1F8319C0C5890063119C /* Main.storyboard in Resources */ = {isa = PBXBuildFile; fileRef = CA0A1F8119C0C5890063119C /* Main.storyboard */; };
		CA0A1F8519C0C5890063119C /* Images.xcassets in Resources */ = {isa = PBXBuildFile; fileRef = CA0A1F8419C0C5890063119C /* Images.xcassets */; };
		CA0A1F8819C0C5890063119C /* LaunchScreen.xib in Resources */ = {isa = PBXBuildFile; fileRef = CA0A1F8619C0C5890063119C /* LaunchScreen.xib */; };
		CA0A1F9419C0C5890063119C /* PostcardTests.swift in Sources */ = {isa = PBXBuildFile; fileRef = CA0A1F9319C0C5890063119C /* PostcardTests.swift */; };
/* End PBXBuildFile section */

/* Begin PBXContainerItemProxy section */
		CA0A1F8E19C0C5890063119C /* PBXContainerItemProxy */ = {
			isa = PBXContainerItemProxy;
			containerPortal = CA0A1F7019C0C5890063119C /* Project object */;
			proxyType = 1;
			remoteGlobalIDString = CA0A1F7719C0C5890063119C;
			remoteInfo = Postcard;
		};
/* End PBXContainerItemProxy section */

/* Begin PBXFileReference section */
		CA0A1F7819C0C5890063119C /* Postcard.app */ = {isa = PBXFileReference; explicitFileType = wrapper.application; includeInIndex = 0; path = Postcard.app; sourceTree = BUILT_PRODUCTS_DIR; };
		CA0A1F7C19C0C5890063119C /* Info.plist */ = {isa = PBXFileReference; lastKnownFileType = text.plist.xml; path = Info.plist; sourceTree = "<group>"; };
		CA0A1F7D19C0C5890063119C /* AppDelegate.swift */ = {isa = PBXFileReference; lastKnownFileType = sourcecode.swift; path = AppDelegate.swift; sourceTree = "<group>"; };
		CA0A1F7F19C0C5890063119C /* ViewController.swift */ = {isa = PBXFileReference; lastKnownFileType = sourcecode.swift; path = ViewController.swift; sourceTree = "<group>"; };
		CA0A1F8219C0C5890063119C /* Base */ = {isa = PBXFileReference; lastKnownFileType = file.storyboard; name = Base; path = Base.lproj/Main.storyboard; sourceTree = "<group>"; };
		CA0A1F8419C0C5890063119C /* Images.xcassets */ = {isa = PBXFileReference; lastKnownFileType = folder.assetcatalog; path = Images.xcassets; sourceTree = "<group>"; };
		CA0A1F8719C0C5890063119C /* Base */ = {isa = PBXFileReference; lastKnownFileType = file.xib; name = Base; path = Base.lproj/LaunchScreen.xib; sourceTree = "<group>"; };
		CA0A1F8D19C0C5890063119C /* PostcardTests.xctest */ = {isa = PBXFileReference; explicitFileType = wrapper.cfbundle; includeInIndex = 0; path = PostcardTests.xctest; sourceTree = BUILT_PRODUCTS_DIR; };
		CA0A1F9219C0C5890063119C /* Info.plist */ = {isa = PBXFileReference; lastKnownFileType = text.plist.xml; path = Info.plist; sourceTree = "<group>"; };
		CA0A1F9319C0C5890063119C /* PostcardTests.swift */ = {isa = PBXFileReference; lastKnownFileType = sourcecode.swift; path = PostcardTests.swift; sourceTree = "<group>"; };
/* End PBXFileReference section */

/* Begin PBXFrameworksBuildPhase section */
		CA0A1F7519C0C5890063119C /* Frameworks */ = {
			isa = PBXFrameworksBuildPhase;
			buildActionMask = 2147483647;
			files = (
			);
			runOnlyForDeploymentPostprocessing = 0;
		};
		CA0A1F8A19C0C5890063119C /* Frameworks */ = {
			isa = PBXFrameworksBuildPhase;
			buildActionMask = 2147483647;
			files = (
			);
			runOnlyForDeploymentPostprocessing = 0;
		};
/* End PBXFrameworksBuildPhase section */

/* Begin PBXGroup section */
		CA0A1F6F19C0C5890063119C = {
			isa = PBXGroup;
			children = (
				CA0A1F7A19C0C5890063119C /* Postcard */,
				CA0A1F9019C0C5890063119C /* PostcardTests */,
				CA0A1F7919C0C5890063119C /* Products */,
			);
			sourceTree = "<group>";
		};
		CA0A1F7919C0C5890063119C /* Products */ = {
			isa = PBXGroup;
			children = (
				CA0A1F7819C0C5890063119C /* Postcard.app */,
				CA0A1F8D19C0C5890063119C /* PostcardTests.xctest */,
			);
			name = Products;
			sourceTree = "<group>";
		};
		CA0A1F7A19C0C5890063119C /* Postcard */ = {
			isa = PBXGroup;
			children = (
				CA0A1F7D19C0C5890063119C /* AppDelegate.swift */,
				CA0A1F7F19C0C5890063119C /* ViewController.swift */,
				CA0A1F8119C0C5890063119C /* Main.storyboard */,
				CA0A1F8419C0C5890063119C /* Images.xcassets */,
				CA0A1F8619C0C5890063119C /* LaunchScreen.xib */,
				CA0A1F7B19C0C5890063119C /* Supporting Files */,
			);
			path = Postcard;
			sourceTree = "<group>";
		};
		CA0A1F7B19C0C5890063119C /* Supporting Files */ = {
			isa = PBXGroup;
			children = (
				CA0A1F7C19C0C5890063119C /* Info.plist */,
			);
			name = "Supporting Files";
			sourceTree = "<group>";
		};
		CA0A1F9019C0C5890063119C /* PostcardTests */ = {
			isa = PBXGroup;
			children = (
				CA0A1F9319C0C5890063119C /* PostcardTests.swift */,
				CA0A1F9119C0C5890063119C /* Supporting Files */,
			);
			path = PostcardTests;
			sourceTree = "<group>";
		};
		CA0A1F9119C0C5890063119C /* Supporting Files */ = {
			isa = PBXGroup;
			children = (
				CA0A1F9219C0C5890063119C /* Info.plist */,
			);
			name = "Supporting Files";
			sourceTree = "<group>";
		};
/* End PBXGroup section */

/* Begin PBXNativeTarget section */
		CA0A1F7719C0C5890063119C /* Postcard */ = {
			isa = PBXNativeTarget;
			buildConfigurationList = CA0A1F9719C0C5890063119C /* Build configuration list for PBXNativeTarget "Postcard" */;
			buildPhases = (
				CA0A1F7419C0C5890063119C /* Sources */,
				CA0A1F7519C0C5890063119C /* Frameworks */,
				CA0A1F7619C0C5890063119C /* Resources */,
			);
			buildRules = (
			);
			dependencies = (
			);
			name = Postcard;
			productName = Postcard;
			productReference = CA0A1F7819C0C5890063119C /* Postcard.app */;
			productType = "com.apple.product-type.application";
		};
		CA0A1F8C19C0C5890063119C /* PostcardTests */ = {
			isa = PBXNativeTarget;
			buildConfigurationList = CA0A1F9A19C0C5890063119C /* Build configuration list for PBXNativeTarget "PostcardTests" */;
			buildPhases = (
				CA0A1F8919C0C5890063119C /* Sources */,
				CA0A1F8A19C0C5890063119C /* Frameworks */,
				CA0A1F8B19C0C5890063119C /* Resources */,
			);
			buildRules = (
			);
			dependencies = (
				CA0A1F8F19C0C5890063119C /* PBXTargetDependency */,
			);
			name = PostcardTests;
			productName = PostcardTests;
			productReference = CA0A1F8D19C0C5890063119C /* PostcardTests.xctest */;
			productType = "com.apple.product-type.bundle.unit-test";
		};
/* End PBXNativeTarget section */

/* Begin PBXProject section */
		CA0A1F7019C0C5890063119C /* Project object */ = {
			isa = PBXProject;
			attributes = {
				LastUpgradeCheck = 0600;
				ORGANIZATIONNAME = "Jeffrey Morin";
				TargetAttributes = {
					CA0A1F7719C0C5890063119C = {
						CreatedOnToolsVersion = 6.0;
					};
					CA0A1F8C19C0C5890063119C = {
						CreatedOnToolsVersion = 6.0;
						TestTargetID = CA0A1F7719C0C5890063119C;
					};
				};
			};
			buildConfigurationList = CA0A1F7319C0C5890063119C /* Build configuration list for PBXProject "Postcard" */;
			compatibilityVersion = "Xcode 3.2";
			developmentRegion = English;
			hasScannedForEncodings = 0;
			knownRegions = (
				en,
				Base,
			);
			mainGroup = CA0A1F6F19C0C5890063119C;
			productRefGroup = CA0A1F7919C0C5890063119C /* Products */;
			projectDirPath = "";
			projectRoot = "";
			targets = (
				CA0A1F7719C0C5890063119C /* Postcard */,
				CA0A1F8C19C0C5890063119C /* PostcardTests */,
			);
		};
/* End PBXProject section */

/* Begin PBXResourcesBuildPhase section */
		CA0A1F7619C0C5890063119C /* Resources */ = {
			isa = PBXResourcesBuildPhase;
			buildActionMask = 2147483647;
			files = (
				CA0A1F8319C0C5890063119C /* Main.storyboard in Resources */,
				CA0A1F8819C0C5890063119C /* LaunchScreen.xib in Resources */,
				CA0A1F8519C0C5890063119C /* Images.xcassets in Resources */,
			);
			runOnlyForDeploymentPostprocessing = 0;
		};
		CA0A1F8B19C0C5890063119C /* Resources */ = {
			isa = PBXResourcesBuildPhase;
			buildActionMask = 2147483647;
			files = (
			);
			runOnlyForDeploymentPostprocessing = 0;
		};
/* End PBXResourcesBuildPhase section */

/* Begin PBXSourcesBuildPhase section */
		CA0A1F7419C0C5890063119C /* Sources */ = {
			isa = PBXSourcesBuildPhase;
			buildActionMask = 2147483647;
			files = (
				CA0A1F8019C0C5890063119C /* ViewController.swift in Sources */,
				CA0A1F7E19C0C5890063119C /* AppDelegate.swift in Sources */,
			);
			runOnlyForDeploymentPostprocessing = 0;
		};
		CA0A1F8919C0C5890063119C /* Sources */ = {
			isa = PBXSourcesBuildPhase;
			buildActionMask = 2147483647;
			files = (
				CA0A1F9419C0C5890063119C /* PostcardTests.swift in Sources */,
			);
			runOnlyForDeploymentPostprocessing = 0;
		};
/* End PBXSourcesBuildPhase section */

/* Begin PBXTargetDependency section */
		CA0A1F8F19C0C5890063119C /* PBXTargetDependency */ = {
			isa = PBXTargetDependency;
			target = CA0A1F7719C0C5890063119C /* Postcard */;
			targetProxy = CA0A1F8E19C0C5890063119C /* PBXContainerItemProxy */;
		};
/* End PBXTargetDependency section */

/* Begin PBXVariantGroup section */
		CA0A1F8119C0C5890063119C /* Main.storyboard */ = {
			isa = PBXVariantGroup;
			children = (
				CA0A1F8219C0C5890063119C /* Base */,
			);
			name = Main.storyboard;
			sourceTree = "<group>";
		};
		CA0A1F8619C0C5890063119C /* LaunchScreen.xib */ = {
			isa = PBXVariantGroup;
			children = (
				CA0A1F8719C0C5890063119C /* Base */,
			);
			name = LaunchScreen.xib;
			sourceTree = "<group>";
		};
/* End PBXVariantGroup section */

/* Begin XCBuildConfiguration section */
		CA0A1F9519C0C5890063119C /* Debug */ = {
			isa = XCBuildConfiguration;
			buildSettings = {
				ALWAYS_SEARCH_USER_PATHS = NO;
				CLANG_CXX_LANGUAGE_STANDARD = "gnu++0x";
				CLANG_CXX_LIBRARY = "libc++";
				CLANG_ENABLE_MODULES = YES;
				CLANG_ENABLE_OBJC_ARC = YES;
				CLANG_WARN_BOOL_CONVERSION = YES;
				CLANG_WARN_CONSTANT_CONVERSION = YES;
				CLANG_WARN_DIRECT_OBJC_ISA_USAGE = YES_ERROR;
				CLANG_WARN_EMPTY_BODY = YES;
				CLANG_WARN_ENUM_CONVERSION = YES;
				CLANG_WARN_INT_CONVERSION = YES;
				CLANG_WARN_OBJC_ROOT_CLASS = YES_ERROR;
				CLANG_WARN_UNREACHABLE_CODE = YES;
				CLANG_WARN__DUPLICATE_METHOD_MATCH = YES;
				"CODE_SIGN_IDENTITY[sdk=iphoneos*]" = "iPhone Developer";
				COPY_PHASE_STRIP = NO;
				ENABLE_STRICT_OBJC_MSGSEND = YES;
				GCC_C_LANGUAGE_STANDARD = gnu99;
				GCC_DYNAMIC_NO_PIC = NO;
				GCC_OPTIMIZATION_LEVEL = 0;
				GCC_PREPROCESSOR_DEFINITIONS = (
					"DEBUG=1",
					"$(inherited)",
				);
				GCC_SYMBOLS_PRIVATE_EXTERN = NO;
				GCC_WARN_64_TO_32_BIT_CONVERSION = YES;
				GCC_WARN_ABOUT_RETURN_TYPE = YES_ERROR;
				GCC_WARN_UNDECLARED_SELECTOR = YES;
				GCC_WARN_UNINITIALIZED_AUTOS = YES_AGGRESSIVE;
				GCC_WARN_UNUSED_FUNCTION = YES;
				GCC_WARN_UNUSED_VARIABLE = YES;
				IPHONEOS_DEPLOYMENT_TARGET = 8.0;
				MTL_ENABLE_DEBUG_INFO = YES;
				ONLY_ACTIVE_ARCH = YES;
				SDKROOT = iphoneos;
				SWIFT_OPTIMIZATION_LEVEL = "-Onone";
			};
			name = Debug;
		};
		CA0A1F9619C0C5890063119C /* Release */ = {
			isa = XCBuildConfiguration;
			buildSettings = {
				ALWAYS_SEARCH_USER_PATHS = NO;
				CLANG_CXX_LANGUAGE_STANDARD = "gnu++0x";
				CLANG_CXX_LIBRARY = "libc++";
				CLANG_ENABLE_MODULES = YES;
				CLANG_ENABLE_OBJC_ARC = YES;
				CLANG_WARN_BOOL_CONVERSION = YES;
				CLANG_WARN_CONSTANT_CONVERSION = YES;
				CLANG_WARN_DIRECT_OBJC_ISA_USAGE = YES_ERROR;
				CLANG_WARN_EMPTY_BODY = YES;
				CLANG_WARN_ENUM_CONVERSION = YES;
				CLANG_WARN_INT_CONVERSION = YES;
				CLANG_WARN_OBJC_ROOT_CLASS = YES_ERROR;
				CLANG_WARN_UNREACHABLE_CODE = YES;
				CLANG_WARN__DUPLICATE_METHOD_MATCH = YES;
				"CODE_SIGN_IDENTITY[sdk=iphoneos*]" = "iPhone Developer";
				COPY_PHASE_STRIP = YES;
				ENABLE_NS_ASSERTIONS = NO;
				ENABLE_STRICT_OBJC_MSGSEND = YES;
				GCC_C_LANGUAGE_STANDARD = gnu99;
				GCC_WARN_64_TO_32_BIT_CONVERSION = YES;
				GCC_WARN_ABOUT_RETURN_TYPE = YES_ERROR;
				GCC_WARN_UNDECLARED_SELECTOR = YES;
				GCC_WARN_UNINITIALIZED_AUTOS = YES_AGGRESSIVE;
				GCC_WARN_UNUSED_FUNCTION = YES;
				GCC_WARN_UNUSED_VARIABLE = YES;
				IPHONEOS_DEPLOYMENT_TARGET = 8.0;
				MTL_ENABLE_DEBUG_INFO = NO;
				SDKROOT = iphoneos;
				VALIDATE_PRODUCT = YES;
			};
			name = Release;
		};
		CA0A1F9819C0C5890063119C /* Debug */ = {
			isa = XCBuildConfiguration;
			buildSettings = {
				ASSETCATALOG_COMPILER_APPICON_NAME = AppIcon;
				INFOPLIST_FILE = Postcard/Info.plist;
				LD_RUNPATH_SEARCH_PATHS = "$(inherited) @executable_path/Frameworks";
				PRODUCT_NAME = "$(TARGET_NAME)";
			};
			name = Debug;
		};
		CA0A1F9919C0C5890063119C /* Release */ = {
			isa = XCBuildConfiguration;
			buildSettings = {
				ASSETCATALOG_COMPILER_APPICON_NAME = AppIcon;
				INFOPLIST_FILE = Postcard/Info.plist;
				LD_RUNPATH_SEARCH_PATHS = "$(inherited) @executable_path/Frameworks";
				PRODUCT_NAME = "$(TARGET_NAME)";
			};
			name = Release;
		};
		CA0A1F9B19C0C5890063119C /* Debug */ = {
			isa = XCBuildConfiguration;
			buildSettings = {
				BUNDLE_LOADER = "$(TEST_HOST)";
				FRAMEWORK_SEARCH_PATHS = (
					"$(SDKROOT)/Developer/Library/Frameworks",
					"$(inherited)",
				);
				GCC_PREPROCESSOR_DEFINITIONS = (
					"DEBUG=1",
					"$(inherited)",
				);
				INFOPLIST_FILE = PostcardTests/Info.plist;
				LD_RUNPATH_SEARCH_PATHS = "$(inherited) @executable_path/Frameworks @loader_path/Frameworks";
				PRODUCT_NAME = "$(TARGET_NAME)";
				TEST_HOST = "$(BUILT_PRODUCTS_DIR)/Postcard.app/Postcard";
			};
			name = Debug;
		};
		CA0A1F9C19C0C5890063119C /* Release */ = {
			isa = XCBuildConfiguration;
			buildSettings = {
				BUNDLE_LOADER = "$(TEST_HOST)";
				FRAMEWORK_SEARCH_PATHS = (
					"$(SDKROOT)/Developer/Library/Frameworks",
					"$(inherited)",
				);
				INFOPLIST_FILE = PostcardTests/Info.plist;
				LD_RUNPATH_SEARCH_PATHS = "$(inherited) @executable_path/Frameworks @loader_path/Frameworks";
				PRODUCT_NAME = "$(TARGET_NAME)";
				TEST_HOST = "$(BUILT_PRODUCTS_DIR)/Postcard.app/Postcard";
			};
			name = Release;
		};
/* End XCBuildConfiguration section */

/* Begin XCConfigurationList section */
		CA0A1F7319C0C5890063119C /* Build configuration list for PBXProject "Postcard" */ = {
			isa = XCConfigurationList;
			buildConfigurations = (
				CA0A1F9519C0C5890063119C /* Debug */,
				CA0A1F9619C0C5890063119C /* Release */,
			);
			defaultConfigurationIsVisible = 0;
			defaultConfigurationName = Release;
		};
		CA0A1F9719C0C5890063119C /* Build configuration list for PBXNativeTarget "Postcard" */ = {
			isa = XCConfigurationList;
			buildConfigurations = (
				CA0A1F9819C0C5890063119C /* Debug */,
				CA0A1F9919C0C5890063119C /* Release */,
			);
			defaultConfigurationIsVisible = 0;
		};
		CA0A1F9A19C0C5890063119C /* Build configuration list for PBXNativeTarget "PostcardTests" */ = {
			isa = XCConfigurationList;
			buildConfigurations = (
				CA0A1F9B19C0C5890063119C /* Debug */,
				CA0A1F9C19C0C5890063119C /* Release */,
			);
			defaultConfigurationIsVisible = 0;
		};
/* End XCConfigurationList section */
	};
	rootObject = CA0A1F7019C0C5890063119C /* Project object */;
}
